
Microsoft Visual Studio Solution File, Format Version 12.00
# Visual Studio Version 16
VisualStudioVersion = 16.0.29215.179
MinimumVisualStudioVersion = 10.0.40219.1
Project("{FAE04EC0-301F-11D3-BF4B-00C04F79EFBC}") = "ProyectoSegundoParcial", "ProyectoSegundoParcial\ProyectoSegundoParcial.csproj", "{094693E4-F384-4B86-B36C-132987EFA10F}"
EndProject
Global
	GlobalSection(SolutionConfigurationPlatforms) = preSolution
		Debug|Any CPU = Debug|Any CPU
		Release|Any CPU = Release|Any CPU
	EndGlobalSection
	GlobalSection(ProjectConfigurationPlatforms) = postSolution
		{094693E4-F384-4B86-B36C-132987EFA10F}.Debug|Any CPU.ActiveCfg = Debug|Any CPU
		{094693E4-F384-4B86-B36C-132987EFA10F}.Debug|Any CPU.Build.0 = Debug|Any CPU
		{094693E4-F384-4B86-B36C-132987EFA10F}.Release|Any CPU.ActiveCfg = Release|Any CPU
		{094693E4-F384-4B86-B36C-132987EFA10F}.Release|Any CPU.Build.0 = Release|Any CPU
	EndGlobalSection
	GlobalSection(SolutionProperties) = preSolution
		HideSolutionNode = FALSE
	EndGlobalSection
	GlobalSection(ExtensibilityGlobals) = postSolution
		SolutionGuid = {138A351C-BF3A-4651-AAC5-3298324629D4}
	EndGlobalSection
EndGlobal
